PODS:
  - Capacitor (8.0.0):
    - CapacitorCordova
  - CapacitorApp (8.0.0):
    - Capacitor
  - CapacitorCommunitySqlite (7.0.2):
    - Capacitor
    - SQLCipher
    - ZIPFoundation
  - CapacitorCordova (8.0.0)
  - CapacitorFilesystem (8.0.0):
    - Capacitor
    - IONFilesystemLib (~> 1.0.1)
  - CapacitorHaptics (8.0.0):
    - Capacitor
  - CapacitorKeyboard (8.0.0):
    - Capacitor
  - CapacitorPreferences (8.0.0):
    - Capacitor
  - CapacitorSecureStoragePlugin (0.12.0):
    - Capacitor
    - SwiftKeychainWrapper
  - CapacitorStatusBar (8.0.0):
    - Capacitor
  - IONFilesystemLib (1.0.1)
  - Sentry/HybridSDK (8.56.2)
  - SentryCapacitor (2.4.1):
    - Capacitor
    - Sentry/HybridSDK (= 8.56.2)
  - SQLCipher (4.10.0):
    - SQLCipher/standard (= 4.10.0)
  - SQLCipher/common (4.10.0)
  - SQLCipher/standard (4.10.0):
    - SQLCipher/common
  - SwiftKeychainWrapper (4.0.1)
  - ZIPFoundation (0.9.20)

DEPENDENCIES:
  - "Capacitor (from `../../node_modules/.pnpm/@capacitor+ios@8.0.0_@capacitor+core@8.0.0/node_modules/@capacitor/ios`)"
  - "CapacitorApp (from `../../node_modules/.pnpm/@capacitor+app@8.0.0_@capacitor+core@8.0.0/node_modules/@capacitor/app`)"
  - "CapacitorCommunitySqlite (from `../../node_modules/.pnpm/@capacitor-community+sqlite@7.0.2_@capacitor+core@8.0.0/node_modules/@capacitor-community/sqlite`)"
  - "CapacitorCordova (from `../../node_modules/.pnpm/@capacitor+ios@8.0.0_@capacitor+core@8.0.0/node_modules/@capacitor/ios`)"
  - "CapacitorFilesystem (from `../../node_modules/.pnpm/@capacitor+filesystem@8.0.0_@capacitor+core@8.0.0/node_modules/@capacitor/filesystem`)"
  - "CapacitorHaptics (from `../../node_modules/.pnpm/@capacitor+haptics@8.0.0_@capacitor+core@8.0.0/node_modules/@capacitor/haptics`)"
  - "CapacitorKeyboard (from `../../node_modules/.pnpm/@capacitor+keyboard@8.0.0_@capacitor+core@8.0.0/node_modules/@capacitor/keyboard`)"
  - "CapacitorPreferences (from `../../node_modules/.pnpm/@capacitor+preferences@8.0.0_@capacitor+core@8.0.0/node_modules/@capacitor/preferences`)"
  - "CapacitorSecureStoragePlugin (from `../../node_modules/.pnpm/capacitor-secure-storage-plugin@0.12.0_@capacitor+core@8.0.0/node_modules/capacitor-secure-storage-plugin`)"
  - "CapacitorStatusBar (from `../../node_modules/.pnpm/@capacitor+status-bar@8.0.0_@capacitor+core@8.0.0/node_modules/@capacitor/status-bar`)"
  - "SentryCapacitor (from `../../node_modules/.pnpm/@sentry+capacitor@2.4.1_@capacitor+core@8.0.0_@sentry+react@10.32.1_react@19.2.0_/node_modules/@sentry/capacitor`)"

SPEC REPOS:
  trunk:
    - IONFilesystemLib
    - Sentry
    - SQLCipher
    - SwiftKeychainWrapper
    - ZIPFoundation

EXTERNAL SOURCES:
  Capacitor:
    :path: "../../node_modules/.pnpm/@capacitor+ios@8.0.0_@capacitor+core@8.0.0/node_modules/@capacitor/ios"
  CapacitorApp:
    :path: "../../node_modules/.pnpm/@capacitor+app@8.0.0_@capacitor+core@8.0.0/node_modules/@capacitor/app"
  CapacitorCommunitySqlite:
    :path: "../../node_modules/.pnpm/@capacitor-community+sqlite@7.0.2_@capacitor+core@8.0.0/node_modules/@capacitor-community/sqlite"
  CapacitorCordova:
    :path: "../../node_modules/.pnpm/@capacitor+ios@8.0.0_@capacitor+core@8.0.0/node_modules/@capacitor/ios"
  CapacitorFilesystem:
    :path: "../../node_modules/.pnpm/@capacitor+filesystem@8.0.0_@capacitor+core@8.0.0/node_modules/@capacitor/filesystem"
  CapacitorHaptics:
    :path: "../../node_modules/.pnpm/@capacitor+haptics@8.0.0_@capacitor+core@8.0.0/node_modules/@capacitor/haptics"
  CapacitorKeyboard:
    :path: "../../node_modules/.pnpm/@capacitor+keyboard@8.0.0_@capacitor+core@8.0.0/node_modules/@capacitor/keyboard"
  CapacitorPreferences:
    :path: "../../node_modules/.pnpm/@capacitor+preferences@8.0.0_@capacitor+core@8.0.0/node_modules/@capacitor/preferences"
  CapacitorSecureStoragePlugin:
    :path: "../../node_modules/.pnpm/capacitor-secure-storage-plugin@0.12.0_@capacitor+core@8.0.0/node_modules/capacitor-secure-storage-plugin"
  CapacitorStatusBar:
    :path: "../../node_modules/.pnpm/@capacitor+status-bar@8.0.0_@capacitor+core@8.0.0/node_modules/@capacitor/status-bar"
  SentryCapacitor:
    :path: "../../node_modules/.pnpm/@sentry+capacitor@2.4.1_@capacitor+core@8.0.0_@sentry+react@10.32.1_react@19.2.0_/node_modules/@sentry/capacitor"

SPEC CHECKSUMS:
  Capacitor: 341ff7cf652ec695d1a8ebf604db448ac7b6d635
  CapacitorApp: 3963a84197280757b84f126afd1520a85ae3b092
  CapacitorCommunitySqlite: a57c58e1c37f4bc250ef01e66b0055cb6ddd775e
  CapacitorCordova: 5dc3912d25ef770a3fe0f431bb65c9fbfa2e92f9
  CapacitorFilesystem: 2cb7c29536024668f333266a2177f8c10bbd9c98
  CapacitorHaptics: 2079d9fa04c5a71e18663b4722323c304c58245c
  CapacitorKeyboard: d7868c079a4d5277a3deca27a10a488fcbbb8b69
  CapacitorPreferences: 443fabe9670226200e595658a87ef0b1566716d4
  CapacitorSecureStoragePlugin: 50de0808ad398aa401e00f9e58adf88c77cb3c25
  CapacitorStatusBar: 312e2e67928dfe9514c4a8916a1fd610552f5f35
  IONFilesystemLib: 89258b8e3e85465da93127d25d7ce37f977e8a6f
  Sentry: b53951377b78e21a734f5dc8318e333dbfc682d7
  SentryCapacitor: 84549a1440a7f58a336ed3175db0f067d571cd5b
  SQLCipher: eb79c64049cb002b4e9fcb30edb7979bf4706dfc
  SwiftKeychainWrapper: 807ba1d63c33a7d0613288512399cd1eda1e470c
  ZIPFoundation: dfd3d681c4053ff7e2f7350bc4e53b5dba3f5351

PODFILE CHECKSUM: 66024bc2f29125f22156b69649572f4f1e7ebd98

COCOAPODS: 1.16.2
